schema: '2.0'
stages:
  train_val_split:
    cmd: python challenges/train_val_split.py
    deps:
    - path: challenges/train_val_split.py
      md5: 9939832f90ddf6b28335aaafd6cba70a
      size: 1098
    - path: data/raw/train
      md5: a4da05829c6006bb7be263752f10e8b1.dir
      size: 215577173
      nfiles: 508
    params:
      params.yaml:
        data_dir_train: data/raw/train
        seed: 42
        train_val_split: 0.8
    outs:
    - path: data/processed/train_files.pkl
      md5: 35601749b160f97984b0586236f95ff4
      size: 3542
    - path: data/processed/val_files.pkl
      md5: 7448303f28d0ede78d0c619dbe1ae7ea
      size: 911
  featurize:
    cmd: python challenges/onset-detection/extract_features.py
    deps:
    - path: challenges/onset-detection/extract_features.py
      md5: fd90563996213e50dc38f3efda82067a
      size: 6424
    - path: data/processed/train_files.pkl
      md5: 35601749b160f97984b0586236f95ff4
      size: 3542
    - path: data/processed/val_files.pkl
      md5: 7448303f28d0ede78d0c619dbe1ae7ea
      size: 911
    - path: data/raw/test
      md5: 01ed73995bbf40999fbd40737fcd67e4.dir
      size: 67482988
      nfiles: 50
    params:
      params.yaml:
        data_dir_test: data/raw/test
        featurize:
          fps: 14.0
          frame_size: 3150
          ewm_spans:
          - 3
          - 6
    outs:
    - path: data/interim/
      md5: 0d58d435cdfab67f62b5b06a3809e717.dir
      size: 23608099
      nfiles: 8496
  prepare_labels:
    cmd: python challenges/onset-detection/prepare_labels.py
    deps:
    - path: challenges/onset-detection/prepare_labels.py
      md5: badcf59a38acc805fe5686982a16226b
      size: 2433
    - path: data/processed/train_files.pkl
      md5: 35601749b160f97984b0586236f95ff4
      size: 3542
    - path: data/processed/val_files.pkl
      md5: 7448303f28d0ede78d0c619dbe1ae7ea
      size: 911
    params:
      params.yaml:
        featurize.fps: 14.0
    outs:
    - path: data/processed/train/labels/
      md5: 48ac2dda03320b410b78b0f3f1207bab.dir
      size: 156372
      nfiles: 101
    - path: data/processed/val/labels/
      md5: b070c2d2b076de75d12f36ee48c569a2.dir
      size: 36341
      nfiles: 26
  combine_features:
    cmd: python challenges/onset-detection/combine_features_to_dataframe.py
    deps:
    - path: challenges/onset-detection/combine_features_to_dataframe.py
      md5: 22619d902ff6baa5710562c9c6f37bdc
      size: 2729
    - path: data/interim/
      md5: 0d58d435cdfab67f62b5b06a3809e717.dir
      size: 23608099
      nfiles: 8496
    - path: data/processed/train/labels
      md5: 48ac2dda03320b410b78b0f3f1207bab.dir
      size: 156372
      nfiles: 101
    - path: data/processed/val/labels
      md5: b070c2d2b076de75d12f36ee48c569a2.dir
      size: 36341
      nfiles: 26
    params:
      params.yaml:
        featurize.fps: 14.0
        featurize.frame_size: 3150
    outs:
    - path: data/processed/test/data.csv
      md5: 7dd62ac7640b718e060dca1efe72cd40
      size: 5293355
    - path: data/processed/train/data.csv
      md5: 5ffe37060e12018a18c0c7f2a54096e4
      size: 14154272
    - path: data/processed/val/data.csv
      md5: 0a4a6c3b333e94b7c94f3abb4ab00eca
      size: 3262237
  train:
    cmd: python challenges/onset-detection/train.py
    deps:
    - path: challenges/onset-detection/train.py
      md5: 25cd45b504fac2f71259d4afd24b0414
      size: 2322
    - path: data/processed/train/data.csv
      md5: 5ffe37060e12018a18c0c7f2a54096e4
      size: 14154272
    - path: data/processed/val/data.csv
      md5: 0a4a6c3b333e94b7c94f3abb4ab00eca
      size: 3262237
    params:
      params.yaml:
        seed: 42
        train:
          batch_size: 128
          epochs: 64
          learning_rate: 0.003
          weight_decay: 0.0003
          model_file_name: fastai-tabular
          layers:
          - 256
          - 128
          - 128
          dropout_probs:
          - 0.05
          - 0.1
          - 0.15
    outs:
    - path: dvclive.json
      md5: 9da318a16460d51d4a5ec99e901e5564
      size: 365
    - path: dvclive/scalars
      md5: c996a6433cb26fbd014fb78a55a11542.dir
      size: 15817
      nfiles: 7
    - path: models/fastai-tabular.pth
      md5: bfb7f9a17be6a7f6a05267048780c581
      size: 1015947
  predict:
    cmd: python challenges/onset-detection/test.py
    deps:
    - path: challenges/onset-detection/test.py
      md5: c78e18eb2efeb3a834669bf2b234626c
      size: 4827
    - path: data/processed/test/data.csv
      md5: 7dd62ac7640b718e060dca1efe72cd40
      size: 5293355
    - path: data/processed/train/data.csv
      md5: 5ffe37060e12018a18c0c7f2a54096e4
      size: 14154272
    - path: data/processed/val/data.csv
      md5: 0a4a6c3b333e94b7c94f3abb4ab00eca
      size: 3262237
    - path: models/fastai-tabular.pth
      md5: bfb7f9a17be6a7f6a05267048780c581
      size: 1015947
    params:
      params.yaml:
        seed: 42
        train.batch_size: 128
        train.model_file_name: fastai-tabular
    outs:
    - path: reports/test-df.csv
      md5: 662f8264640b00ff7ce450d9883b6ab5
      size: 430938
    - path: reports/test-onsets.json
      md5: 4ebc97b5579420108ac8a4ec2b6449ab
      size: 118628
    - path: reports/val-df.csv
      md5: e80d7c95870674587a3e63676f8ab4c7
      size: 386810
    - path: reports/val-onsets.json
      md5: 8df933390656ced372368c26d6df3974
      size: 69431
    - path: reports/val-targets.json
      md5: 101d0aa49bd7f9653aaae8e808f3f526
      size: 60711
  evaluate:
    cmd: python challenges/onset-detection/eval_onsets.py --submission reports/val-onsets.json
      --target reports/val-targets.json
    deps:
    - path: challenges/onset-detection/eval_onsets.py
      md5: 404f1b7387c917ae73a9c3010aa60874
      size: 1796
    - path: reports/val-onsets.json
      md5: 8df933390656ced372368c26d6df3974
      size: 69431
    - path: reports/val-targets.json
      md5: 101d0aa49bd7f9653aaae8e808f3f526
      size: 60711
    outs:
    - path: metrics.json
      md5: d624da1a573fcfeb90adc7b819221bf8
      size: 42
