schema: '2.0'
stages:
  train_val_split:
    cmd: python challenges/tempo-estimation/estimate.py
    deps:
    - path: challenges/tempo-estimation/estimate.py
      md5: b47300b559bc90a7597919ae94630e6e
      size: 2157
    - path: reports/beat-detection/test-beats.json
      md5: 54fc155ca01482d95d403b696125d401
      size: 13972
    - path: reports/beat-detection/val-beats.json
      md5: 532da5d2f331be6a1f5896c905cfa444
      size: 8101
    outs:
    - path: reports/tempo-estimation/test-tempo.json
      md5: 275544a732c14c5e69ddb53c420be4cc
      size: 2974
    - path: reports/tempo-estimation/val-targets.json
      md5: 5392232a658a4b5fc204355e01c65e67
      size: 1821
    - path: reports/tempo-estimation/val-tempo.json
      md5: c88a9ad493a66d26c26fc0d9e770e60d
      size: 1842
  evaluate:
    cmd: python challenges/tempo-estimation/eval_tempo.py --submission reports/tempo-estimation/val-tempo.json
      --target reports/tempo-estimation/val-targets.json
    deps:
    - path: challenges/tempo-estimation/eval_tempo.py
      md5: 995f896103d0de017049bfe8e1d7e237
      size: 2812
    - path: reports/tempo-estimation/val-targets.json
      md5: 5392232a658a4b5fc204355e01c65e67
      size: 1821
    - path: reports/tempo-estimation/val-tempo.json
      md5: c88a9ad493a66d26c26fc0d9e770e60d
      size: 1842
    outs:
    - path: reports/tempo-estimation/metrics.json
      md5: bc8854c6a6695445abab383b3b6feccb
      size: 40
